
Microsoft Visual Studio Solution File, Format Version 12.00
# Visual Studio Version 16
VisualStudioVersion = 16.0.28803.202
MinimumVisualStudioVersion = 10.0.40219.1
Project("{9A19103F-16F7-4668-BE54-9A1E7A4F7556}") = "UpgFisi.Common", "UpgFisi.Common\UpgFisi.Common.csproj", "{E4557C01-AC03-46AA-B528-FD7027C9DD3A}"
EndProject
Global
	GlobalSection(SolutionConfigurationPlatforms) = preSolution
		Debug|Any CPU = Debug|Any CPU
		Release|Any CPU = Release|Any CPU
	EndGlobalSection
	GlobalSection(ProjectConfigurationPlatforms) = postSolution
		{E4557C01-AC03-46AA-B528-FD7027C9DD3A}.Debug|Any CPU.ActiveCfg = Debug|Any CPU
		{E4557C01-AC03-46AA-B528-FD7027C9DD3A}.Debug|Any CPU.Build.0 = Debug|Any CPU
		{E4557C01-AC03-46AA-B528-FD7027C9DD3A}.Release|Any CPU.ActiveCfg = Release|Any CPU
		{E4557C01-AC03-46AA-B528-FD7027C9DD3A}.Release|Any CPU.Build.0 = Release|Any CPU
	EndGlobalSection
	GlobalSection(SolutionProperties) = preSolution
		HideSolutionNode = FALSE
	EndGlobalSection
	GlobalSection(ExtensibilityGlobals) = postSolution
		SolutionGuid = {DF30EBC3-01C6-416F-9B5D-D81950FC932F}
	EndGlobalSection
EndGlobal
